
Microsoft Visual Studio Solution File, Format Version 9.00
# Visual Studio 2005
Project("{8BC9CEB8-8B4A-11D0-8D11-00A0C91BC942}") = "libxrtm", "libxrtm\libxrtm.vcproj", "{E8155015-8E5A-40A2-BD09-23B1E5355143}"
EndProject
Project("{6989167D-11E4-40FE-8C1A-2192A86A7E90}") = "libxrtm_f", "libxrtm_f\libxrtm_f.vfproj", "{1828F515-A002-40C7-BC3E-BBBDC5645DC3}"
EndProject
Project("{8BC9CEB8-8B4A-11D0-8D11-00A0C91BC942}") = "libxrtm_input", "libxrtm_input\libxrtm_input.vcproj", "{409928B8-9514-4874-8FF9-23EE1838FFD6}"
EndProject
Project("{8BC9CEB8-8B4A-11D0-8D11-00A0C91BC942}") = "libxrtm_interfaces", "libxrtm_interfaces\libxrtm_interfaces.vcproj", "{C9B3F989-5FDB-48A0-8718-970D911E956C}"
EndProject
Project("{6989167D-11E4-40FE-8C1A-2192A86A7E90}") = "libxrtm_interfaces_f", "libxrtm_interfaces_f\libxrtm_interfaces_f.vfproj", "{C5274AF2-DB7A-4701-8A42-2792B7CF9A99}"
EndProject
Project("{8BC9CEB8-8B4A-11D0-8D11-00A0C91BC942}") = "libxrtm_misc", "libxrtm_misc\libxrtm_misc.vcproj", "{8398ADA1-71C3-4D75-84E4-D1062180B3FF}"
EndProject
Project("{8BC9CEB8-8B4A-11D0-8D11-00A0C91BC942}") = "callxrtm", "callxrtm\callxrtm.vcproj", "{7F0991A4-C33F-4F07-AE7B-D8BBB7202B29}"
	ProjectSection(ProjectDependencies) = postProject
		{E8155015-8E5A-40A2-BD09-23B1E5355143} = {E8155015-8E5A-40A2-BD09-23B1E5355143}
		{1828F515-A002-40C7-BC3E-BBBDC5645DC3} = {1828F515-A002-40C7-BC3E-BBBDC5645DC3}
		{409928B8-9514-4874-8FF9-23EE1838FFD6} = {409928B8-9514-4874-8FF9-23EE1838FFD6}
		{8398ADA1-71C3-4D75-84E4-D1062180B3FF} = {8398ADA1-71C3-4D75-84E4-D1062180B3FF}
	EndProjectSection
EndProject
Project("{8BC9CEB8-8B4A-11D0-8D11-00A0C91BC942}") = "testxrtm", "testxrtm\testxrtm.vcproj", "{504E20BD-B681-46B4-920B-5F27B1B76A46}"
	ProjectSection(ProjectDependencies) = postProject
		{E8155015-8E5A-40A2-BD09-23B1E5355143} = {E8155015-8E5A-40A2-BD09-23B1E5355143}
		{1828F515-A002-40C7-BC3E-BBBDC5645DC3} = {1828F515-A002-40C7-BC3E-BBBDC5645DC3}
		{409928B8-9514-4874-8FF9-23EE1838FFD6} = {409928B8-9514-4874-8FF9-23EE1838FFD6}
		{8398ADA1-71C3-4D75-84E4-D1062180B3FF} = {8398ADA1-71C3-4D75-84E4-D1062180B3FF}
	EndProjectSection
EndProject
Project("{8BC9CEB8-8B4A-11D0-8D11-00A0C91BC942}") = "example_c", "example_c\example_c.vcproj", "{405476B9-8455-4283-9991-5DFF402AD756}"
	ProjectSection(ProjectDependencies) = postProject
		{E8155015-8E5A-40A2-BD09-23B1E5355143} = {E8155015-8E5A-40A2-BD09-23B1E5355143}
		{1828F515-A002-40C7-BC3E-BBBDC5645DC3} = {1828F515-A002-40C7-BC3E-BBBDC5645DC3}
		{8398ADA1-71C3-4D75-84E4-D1062180B3FF} = {8398ADA1-71C3-4D75-84E4-D1062180B3FF}
	EndProjectSection
EndProject
Project("{8BC9CEB8-8B4A-11D0-8D11-00A0C91BC942}") = "example_cpp", "example_cpp\example_cpp.vcproj", "{603B84E3-D96D-4DB9-9F9B-247B091FD516}"
	ProjectSection(ProjectDependencies) = postProject
		{E8155015-8E5A-40A2-BD09-23B1E5355143} = {E8155015-8E5A-40A2-BD09-23B1E5355143}
		{1828F515-A002-40C7-BC3E-BBBDC5645DC3} = {1828F515-A002-40C7-BC3E-BBBDC5645DC3}
		{C9B3F989-5FDB-48A0-8718-970D911E956C} = {C9B3F989-5FDB-48A0-8718-970D911E956C}
		{8398ADA1-71C3-4D75-84E4-D1062180B3FF} = {8398ADA1-71C3-4D75-84E4-D1062180B3FF}
	EndProjectSection
EndProject
Project("{6989167D-11E4-40FE-8C1A-2192A86A7E90}") = "example_f77", "example_f77\example_f77.vfproj", "{99559BAE-AA0C-49EF-88BE-E07AC6F28386}"
	ProjectSection(ProjectDependencies) = postProject
		{E8155015-8E5A-40A2-BD09-23B1E5355143} = {E8155015-8E5A-40A2-BD09-23B1E5355143}
		{1828F515-A002-40C7-BC3E-BBBDC5645DC3} = {1828F515-A002-40C7-BC3E-BBBDC5645DC3}
		{C9B3F989-5FDB-48A0-8718-970D911E956C} = {C9B3F989-5FDB-48A0-8718-970D911E956C}
		{C5274AF2-DB7A-4701-8A42-2792B7CF9A99} = {C5274AF2-DB7A-4701-8A42-2792B7CF9A99}
		{8398ADA1-71C3-4D75-84E4-D1062180B3FF} = {8398ADA1-71C3-4D75-84E4-D1062180B3FF}
	EndProjectSection
EndProject
Project("{6989167D-11E4-40FE-8C1A-2192A86A7E90}") = "example_f90", "example_f90\example_f90.vfproj", "{E929A8E6-0355-4717-9E84-7E11E80FD245}"
	ProjectSection(ProjectDependencies) = postProject
		{E8155015-8E5A-40A2-BD09-23B1E5355143} = {E8155015-8E5A-40A2-BD09-23B1E5355143}
		{1828F515-A002-40C7-BC3E-BBBDC5645DC3} = {1828F515-A002-40C7-BC3E-BBBDC5645DC3}
		{C9B3F989-5FDB-48A0-8718-970D911E956C} = {C9B3F989-5FDB-48A0-8718-970D911E956C}
		{C5274AF2-DB7A-4701-8A42-2792B7CF9A99} = {C5274AF2-DB7A-4701-8A42-2792B7CF9A99}
		{8398ADA1-71C3-4D75-84E4-D1062180B3FF} = {8398ADA1-71C3-4D75-84E4-D1062180B3FF}
	EndProjectSection
EndProject
Global
	GlobalSection(SolutionConfigurationPlatforms) = preSolution
		Debug|Win32 = Debug|Win32
		Release|Win32 = Release|Win32
	EndGlobalSection
	GlobalSection(ProjectConfigurationPlatforms) = postSolution
		{E8155015-8E5A-40A2-BD09-23B1E5355143}.Debug|Win32.ActiveCfg = Debug|Win32
		{E8155015-8E5A-40A2-BD09-23B1E5355143}.Debug|Win32.Build.0 = Debug|Win32
		{E8155015-8E5A-40A2-BD09-23B1E5355143}.Release|Win32.ActiveCfg = Release|Win32
		{E8155015-8E5A-40A2-BD09-23B1E5355143}.Release|Win32.Build.0 = Release|Win32
		{1828F515-A002-40C7-BC3E-BBBDC5645DC3}.Debug|Win32.ActiveCfg = Debug|Win32
		{1828F515-A002-40C7-BC3E-BBBDC5645DC3}.Debug|Win32.Build.0 = Debug|Win32
		{1828F515-A002-40C7-BC3E-BBBDC5645DC3}.Release|Win32.ActiveCfg = Release|Win32
		{1828F515-A002-40C7-BC3E-BBBDC5645DC3}.Release|Win32.Build.0 = Release|Win32
		{409928B8-9514-4874-8FF9-23EE1838FFD6}.Debug|Win32.ActiveCfg = Debug|Win32
		{409928B8-9514-4874-8FF9-23EE1838FFD6}.Debug|Win32.Build.0 = Debug|Win32
		{409928B8-9514-4874-8FF9-23EE1838FFD6}.Release|Win32.ActiveCfg = Release|Win32
		{409928B8-9514-4874-8FF9-23EE1838FFD6}.Release|Win32.Build.0 = Release|Win32
		{C9B3F989-5FDB-48A0-8718-970D911E956C}.Debug|Win32.ActiveCfg = Debug|Win32
		{C9B3F989-5FDB-48A0-8718-970D911E956C}.Debug|Win32.Build.0 = Debug|Win32
		{C9B3F989-5FDB-48A0-8718-970D911E956C}.Release|Win32.ActiveCfg = Release|Win32
		{C9B3F989-5FDB-48A0-8718-970D911E956C}.Release|Win32.Build.0 = Release|Win32
		{C5274AF2-DB7A-4701-8A42-2792B7CF9A99}.Debug|Win32.ActiveCfg = Debug|Win32
		{C5274AF2-DB7A-4701-8A42-2792B7CF9A99}.Debug|Win32.Build.0 = Debug|Win32
		{C5274AF2-DB7A-4701-8A42-2792B7CF9A99}.Release|Win32.ActiveCfg = Release|Win32
		{C5274AF2-DB7A-4701-8A42-2792B7CF9A99}.Release|Win32.Build.0 = Release|Win32
		{8398ADA1-71C3-4D75-84E4-D1062180B3FF}.Debug|Win32.ActiveCfg = Debug|Win32
		{8398ADA1-71C3-4D75-84E4-D1062180B3FF}.Debug|Win32.Build.0 = Debug|Win32
		{8398ADA1-71C3-4D75-84E4-D1062180B3FF}.Release|Win32.ActiveCfg = Release|Win32
		{8398ADA1-71C3-4D75-84E4-D1062180B3FF}.Release|Win32.Build.0 = Release|Win32
		{7F0991A4-C33F-4F07-AE7B-D8BBB7202B29}.Debug|Win32.ActiveCfg = Debug|Win32
		{7F0991A4-C33F-4F07-AE7B-D8BBB7202B29}.Debug|Win32.Build.0 = Debug|Win32
		{7F0991A4-C33F-4F07-AE7B-D8BBB7202B29}.Release|Win32.ActiveCfg = Release|Win32
		{7F0991A4-C33F-4F07-AE7B-D8BBB7202B29}.Release|Win32.Build.0 = Release|Win32
		{504E20BD-B681-46B4-920B-5F27B1B76A46}.Debug|Win32.ActiveCfg = Debug|Win32
		{504E20BD-B681-46B4-920B-5F27B1B76A46}.Debug|Win32.Build.0 = Debug|Win32
		{504E20BD-B681-46B4-920B-5F27B1B76A46}.Release|Win32.ActiveCfg = Release|Win32
		{504E20BD-B681-46B4-920B-5F27B1B76A46}.Release|Win32.Build.0 = Release|Win32
		{405476B9-8455-4283-9991-5DFF402AD756}.Debug|Win32.ActiveCfg = Debug|Win32
		{405476B9-8455-4283-9991-5DFF402AD756}.Debug|Win32.Build.0 = Debug|Win32
		{405476B9-8455-4283-9991-5DFF402AD756}.Release|Win32.ActiveCfg = Release|Win32
		{405476B9-8455-4283-9991-5DFF402AD756}.Release|Win32.Build.0 = Release|Win32
		{603B84E3-D96D-4DB9-9F9B-247B091FD516}.Debug|Win32.ActiveCfg = Debug|Win32
		{603B84E3-D96D-4DB9-9F9B-247B091FD516}.Debug|Win32.Build.0 = Debug|Win32
		{603B84E3-D96D-4DB9-9F9B-247B091FD516}.Release|Win32.ActiveCfg = Release|Win32
		{603B84E3-D96D-4DB9-9F9B-247B091FD516}.Release|Win32.Build.0 = Release|Win32
		{99559BAE-AA0C-49EF-88BE-E07AC6F28386}.Debug|Win32.ActiveCfg = Debug|Win32
		{99559BAE-AA0C-49EF-88BE-E07AC6F28386}.Debug|Win32.Build.0 = Debug|Win32
		{99559BAE-AA0C-49EF-88BE-E07AC6F28386}.Release|Win32.ActiveCfg = Release|Win32
		{99559BAE-AA0C-49EF-88BE-E07AC6F28386}.Release|Win32.Build.0 = Release|Win32
		{E929A8E6-0355-4717-9E84-7E11E80FD245}.Debug|Win32.ActiveCfg = Debug|Win32
		{E929A8E6-0355-4717-9E84-7E11E80FD245}.Debug|Win32.Build.0 = Debug|Win32
		{E929A8E6-0355-4717-9E84-7E11E80FD245}.Release|Win32.ActiveCfg = Release|Win32
		{E929A8E6-0355-4717-9E84-7E11E80FD245}.Release|Win32.Build.0 = Release|Win32
	EndGlobalSection
	GlobalSection(SolutionProperties) = preSolution
		HideSolutionNode = FALSE
	EndGlobalSection
EndGlobal
